# This file is automatically @generated by Poetry 1.8.3 and should not be changed by hand.

[[package]]
name = "boolean-py"
version = "4.0"
description = "Define boolean algebras, create and parse boolean expressions and create custom boolean DSL."
optional = false
python-versions = "*"
files = [
    {file = "boolean.py-4.0-py3-none-any.whl", hash = "sha256:2876f2051d7d6394a531d82dc6eb407faa0b01a0a0b3083817ccd7323b8d96bd"},
    {file = "boolean.py-4.0.tar.gz", hash = "sha256:17b9a181630e43dde1851d42bef546d616d5d9b4480357514597e78b203d06e4"},
]

[[package]]
name = "cachetools"
version = "5.5.0"
description = "Extensible memoizing collections and decorators"
optional = false
python-versions = ">=3.7"
files = [
    {file = "cachetools-5.5.0-py3-none-any.whl", hash = "sha256:02134e8439cdc2ffb62023ce1debca2944c3f289d66bb17ead3ab3dede74b292"},
    {file = "cachetools-5.5.0.tar.gz", hash = "sha256:2cc24fb4cbe39633fb7badd9db9ca6295d766d9c2995f245725a46715d050f2a"},
]

[[package]]
name = "chardet"
version = "5.2.0"
description = "Universal encoding detector for Python 3"
optional = false
python-versions = ">=3.7"
files = [
    {file = "chardet-5.2.0-py3-none-any.whl", hash = "sha256:e1cf59446890a00105fe7b7912492ea04b6e6f06d4b742b2c788469e34c82970"},
    {file = "chardet-5.2.0.tar.gz", hash = "sha256:1b3b6ff479a8c414bc3fa2c0852995695c4a026dcd6d0633b2dd092ca39c1cf7"},
]

[[package]]
name = "colorama"
version = "0.4.6"
description = "Cross-platform colored terminal text."
optional = false
python-versions = "!=3.0.*,!=3.1.*,!=3.2.*,!=3.3.*,!=3.4.*,!=3.5.*,!=3.6.*,>=2.7"
files = [
    {file = "colorama-0.4.6-py2.py3-none-any.whl", hash = "sha256:4f1d9991f5acc0ca119f9d443620b77f9d6b33703e51011c16baf57afb285fc6"},
    {file = "colorama-0.4.6.tar.gz", hash = "sha256:08695f5cb7ed6e0531a20572697297273c47b8cae5a63ffc6d6ed5c201be6e44"},
]

[[package]]
name = "coverage"
version = "7.6.5"
description = "Code coverage measurement for Python"
optional = false
python-versions = ">=3.9"
files = [
    {file = "coverage-7.6.5-cp310-cp310-macosx_10_9_x86_64.whl", hash = "sha256:d5fc459f1b62aa328b5c6943b4fa060fa63e7749e41c974929c503dc01d0527b"},
    {file = "coverage-7.6.5-cp310-cp310-macosx_11_0_arm64.whl", hash = "sha256:197fc6b5e6271c4f822486cabbd91f32e73f784076b69c91179c5a9fec2d1442"},
    {file = "coverage-7.6.5-cp310-cp310-manylinux_2_17_aarch64.manylinux2014_aarch64.whl", hash = "sha256:1a7cab0762dfbf0b0cd6eb22f7bceade31bda0f0647f9420cbb45571de4493a3"},
    {file = "coverage-7.6.5-cp310-cp310-manylinux_2_5_i686.manylinux1_i686.manylinux_2_17_i686.manylinux2014_i686.whl", hash = "sha256:ee4559597f53455d70b9935e25c21fd05aebbb8d540af04097f7cf6dc7562754"},
    {file = "coverage-7.6.5-cp310-cp310-manylinux_2_5_x86_64.manylinux1_x86_64.manylinux_2_17_x86_64.manylinux2014_x86_64.whl", hash = "sha256:16e68b894ee1a170da94b7da381527f277ec00c67f6141e79aa1ce8eebbb5561"},
    {file = "coverage-7.6.5-cp310-cp310-musllinux_1_2_aarch64.whl", hash = "sha256:fe4ea637711f1f1895895578972e3d0ed5efb6ef970ba0e2e26d9fad1e3c820e"},
    {file = "coverage-7.6.5-cp310-cp310-musllinux_1_2_i686.whl", hash = "sha256:1d5f036235a747cd30be433ef7ba6dab5ac41d8dc69d54094d5438c34fe8d565"},
    {file = "coverage-7.6.5-cp310-cp310-musllinux_1_2_x86_64.whl", hash = "sha256:7a6ab7b88b1a614bc1db015e68048eb29b0c30ffa01be3d7d04da1f320db0f01"},
    {file = "coverage-7.6.5-cp310-cp310-win32.whl", hash = "sha256:ad712a72cd734fb4265041005011bbf61f8d6cba74e12c91f14a9cda63a80a64"},
    {file = "coverage-7.6.5-cp310-cp310-win_amd64.whl", hash = "sha256:61e03bb66c087b74aea6c28d10a49f72eca98b95438a8db1ae6dfcdd060f9039"},
    {file = "coverage-7.6.5-cp311-cp311-macosx_10_9_x86_64.whl", hash = "sha256:dffec9f67f4eb8bc9c5df720833f1f1ca36b73d86e6f95b422ca5210e264cc26"},
    {file = "coverage-7.6.5-cp311-cp311-macosx_11_0_arm64.whl", hash = "sha256:2fde790ac0024af19fc5327fd50890dad0c31b653f6d2ed91ab2810c046bfe22"},
    {file = "coverage-7.6.5-cp311-cp311-manylinux_2_17_aarch64.manylinux2014_aarch64.whl", hash = "sha256:3250186381ec8e9b71234fb92ef77da87d81cbf20df3364f8f5ebf7180ec030d"},
    {file = "coverage-7.6.5-cp311-cp311-manylinux_2_5_i686.manylinux1_i686.manylinux_2_17_i686.manylinux2014_i686.whl", hash = "sha256:2ecfa205ce1fab6d8e94fe011eec04f6035a6069f70c331efd7cd1cd2d33d897"},
    {file = "coverage-7.6.5-cp311-cp311-manylinux_2_5_x86_64.manylinux1_x86_64.manylinux_2_17_x86_64.manylinux2014_x86_64.whl", hash = "sha256:15af7bfbc37de33e7df3f740cc735057606c63bbe44aee8b07339a3e7bb8ecf6"},
    {file = "coverage-7.6.5-cp311-cp311-musllinux_1_2_aarch64.whl", hash = "sha256:caf4d6af23af0e0df4e40e9985f6063d7f5434f225ee4d4ed7001f1428302403"},
    {file = "coverage-7.6.5-cp311-cp311-musllinux_1_2_i686.whl", hash = "sha256:5dcf2da597fe616a41c59e29fd8d390ac2149aeed421172eef14470c7e9dcd06"},
    {file = "coverage-7.6.5-cp311-cp311-musllinux_1_2_x86_64.whl", hash = "sha256:ebc76107d896a53116e5ef21998f321b630b574a65b78b01176ca64e8978b43e"},
    {file = "coverage-7.6.5-cp311-cp311-win32.whl", hash = "sha256:0e9e4cd48dca252d99bb97b14f13b5940813937cc7ec568418c1a195dec9cbcc"},
    {file = "coverage-7.6.5-cp311-cp311-win_amd64.whl", hash = "sha256:a6eb14739a20c5a46073c8ad066ada17d91d14599ed98d724614db46fbae867b"},
    {file = "coverage-7.6.5-cp312-cp312-macosx_10_13_x86_64.whl", hash = "sha256:9ae01c434cb0d445008257bb42dcd38112190e5bfc3a4480fde49572b16bc2ae"},
    {file = "coverage-7.6.5-cp312-cp312-macosx_11_0_arm64.whl", hash = "sha256:c72ef3be899f389c9f0934a9d06a28fa097ade096760102c732583c04cc31d75"},
    {file = "coverage-7.6.5-cp312-cp312-manylinux_2_17_aarch64.manylinux2014_aarch64.whl", hash = "sha256:d2fc574b4fb082a0141d4df00079c4877d46cb98e8ec979cbd9a92426f5abd8a"},
    {file = "coverage-7.6.5-cp312-cp312-manylinux_2_5_i686.manylinux1_i686.manylinux_2_17_i686.manylinux2014_i686.whl", hash = "sha256:1bc0eba158ad9d1883efb4f1bf08f88a999e091daf30454fd5f136322e700c72"},
    {file = "coverage-7.6.5-cp312-cp312-manylinux_2_5_x86_64.manylinux1_x86_64.manylinux_2_17_x86_64.manylinux2014_x86_64.whl", hash = "sha256:a360b282c0acbf3541cc67e8d8a2a65589ea6cfa10c7e8a48e318bf28ca90f94"},
    {file = "coverage-7.6.5-cp312-cp312-musllinux_1_2_aarch64.whl", hash = "sha256:b22f96d3f2425942a649d786f57ae431425c9a970afae784cd865c1ffee34bad"},
    {file = "coverage-7.6.5-cp312-cp312-musllinux_1_2_i686.whl", hash = "sha256:70eca9c6bf742feaf3ee453c1aaa932c2ab88ca420f411d90aa43ae831127b22"},
    {file = "coverage-7.6.5-cp312-cp312-musllinux_1_2_x86_64.whl", hash = "sha256:2c4bafec5da3498d498a4ca3136f5a01fded487c6a54f18aea0bcd673feedf1b"},
    {file = "coverage-7.6.5-cp312-cp312-win32.whl", hash = "sha256:edecf498cabb335e8a683eb672558355bb9536d4397c54f1e135d9b8910512a3"},
    {file = "coverage-7.6.5-cp312-cp312-win_amd64.whl", hash = "sha256:e7c40ae56761d3c08f916019b2f8579a147f93be8e12f0f2bf4edc4ea9e1c0ab"},
    {file = "coverage-7.6.5-cp313-cp313-macosx_10_13_x86_64.whl", hash = "sha256:49ea4a739dc14856d7c5f935da90db123b77a850cfddcfacb490a28de8f87257"},
    {file = "coverage-7.6.5-cp313-cp313-macosx_11_0_arm64.whl", hash = "sha256:e0c51339a28aa43d0f2b1211e57ceeeeed5e09f4deb6fc543d939de68069e81e"},
    {file = "coverage-7.6.5-cp313-cp313-manylinux_2_17_aarch64.manylinux2014_aarch64.whl", hash = "sha256:040c3d5cf4db24e7cb890bf4b547a25bd3a3516c58c9f2a22f822199ee2ad8ed"},
    {file = "coverage-7.6.5-cp313-cp313-manylinux_2_5_i686.manylinux1_i686.manylinux_2_17_i686.manylinux2014_i686.whl", hash = "sha256:f0b7e67f9d3b156ab93fce71485fadd043ab04b45d5d88623c6d94f7d16ced5b"},
    {file = "coverage-7.6.5-cp313-cp313-manylinux_2_5_x86_64.manylinux1_x86_64.manylinux_2_17_x86_64.manylinux2014_x86_64.whl", hash = "sha256:e078bfb114025c55fdbaa802f4c13e20e6ce4e10a96918d7234656b41f69e649"},
    {file = "coverage-7.6.5-cp313-cp313-musllinux_1_2_aarch64.whl", hash = "sha256:559cdb21aca30810e648ac08270535c1d2e17226ebbdf90860a060d3680cb05f"},
    {file = "coverage-7.6.5-cp313-cp313-musllinux_1_2_i686.whl", hash = "sha256:23e2dd956277061f24d9eda7539113a9c35a9409a9935647a34ced79b8aacb75"},
    {file = "coverage-7.6.5-cp313-cp313-musllinux_1_2_x86_64.whl", hash = "sha256:3e7c4ccb41dc9830b2ca8592e401045a81740f627c7c0348bdc3b7373ce52f8e"},
    {file = "coverage-7.6.5-cp313-cp313-win32.whl", hash = "sha256:9d3565bb7deaa12d634426f113e6b106028c535667ba7756af65f00464981ba5"},
    {file = "coverage-7.6.5-cp313-cp313-win_amd64.whl", hash = "sha256:5039410420d9ddcd5b8566d3afbb28b89d70c4481dbb283ea543263cbefa2b67"},
    {file = "coverage-7.6.5-cp313-cp313t-macosx_10_13_x86_64.whl", hash = "sha256:77b640aa78d4d9f620fb2e1b2a41b0d196120c188d0a7f678761d668d6251fcc"},
    {file = "coverage-7.6.5-cp313-cp313t-macosx_11_0_arm64.whl", hash = "sha256:bb3799f6279df37e369027128926de4c159e6399000316ebd7a69e55b84dc97f"},
    {file = "coverage-7.6.5-cp313-cp313t-manylinux_2_17_aarch64.manylinux2014_aarch64.whl", hash = "sha256:55aba7ab64e8af37a18064f23f399dff10041fa3aaf201528f12004968638b9f"},
    {file = "coverage-7.6.5-cp313-cp313t-manylinux_2_5_i686.manylinux1_i686.manylinux_2_17_i686.manylinux2014_i686.whl", hash = "sha256:6065a988d724dd3328cb21e97378bef0549b2f8b7ac0a3376785d9f7f05dc736"},
    {file = "coverage-7.6.5-cp313-cp313t-manylinux_2_5_x86_64.manylinux1_x86_64.manylinux_2_17_x86_64.manylinux2014_x86_64.whl", hash = "sha256:5f092d222e4286cdd1ab9707da36944c11ba6294d8c9b18534057f03e6866367"},
    {file = "coverage-7.6.5-cp313-cp313t-musllinux_1_2_aarch64.whl", hash = "sha256:1dc99aece5f899955eece053a798e279f7fe7059dd5e2a95af82878cfe4a44e1"},
    {file = "coverage-7.6.5-cp313-cp313t-musllinux_1_2_i686.whl", hash = "sha256:1b14515f83ffa7a6787e725d804c6b11dd317a6bd0373d8519a61e4a587fe534"},
    {file = "coverage-7.6.5-cp313-cp313t-musllinux_1_2_x86_64.whl", hash = "sha256:9fa6d90130165346935541f3762933dae07e237ff7d6d780fae556039f08a470"},
    {file = "coverage-7.6.5-cp313-cp313t-win32.whl", hash = "sha256:1be9ec4c49becb35955b9d69c27e6385aedd40d233f1cf065e8430c59924b30e"},
    {file = "coverage-7.6.5-cp313-cp313t-win_amd64.whl", hash = "sha256:7ff4fd7679df56e36fc838ef227e95e3aa1b0ca0548daede7f8ae6e54479c115"},
    {file = "coverage-7.6.5-cp39-cp39-macosx_10_9_x86_64.whl", hash = "sha256:23abf0846290aa57d629c4f4181d0d56cbaa45d3999e60cb0df1d2bab7bc6bfe"},
    {file = "coverage-7.6.5-cp39-cp39-macosx_11_0_arm64.whl", hash = "sha256:b4903685e8059e170182ac4681ee72d2dfbb92692225023c1e325a9d85c1be31"},
    {file = "coverage-7.6.5-cp39-cp39-manylinux_2_17_aarch64.manylinux2014_aarch64.whl", hash = "sha256:4ad9621fd9773b1461f8942da4130fbb16ee0a877eb58bc57532ea41cce20d3e"},
    {file = "coverage-7.6.5-cp39-cp39-manylinux_2_5_i686.manylinux1_i686.manylinux_2_17_i686.manylinux2014_i686.whl", hash = "sha256:7324358a77f37ffd8ba94d3c8326eb316c972ec72264f36fc3be04cff8542465"},
    {file = "coverage-7.6.5-cp39-cp39-manylinux_2_5_x86_64.manylinux1_x86_64.manylinux_2_17_x86_64.manylinux2014_x86_64.whl", hash = "sha256:bf182001229411cd6a90d180973b345bd6fe255dbbac362100e6a625dfb107f5"},
    {file = "coverage-7.6.5-cp39-cp39-musllinux_1_2_aarch64.whl", hash = "sha256:4601dacd88556c94c9fb5063b9354b1fe971af9a5b25b2575faefd12bf8170a5"},
    {file = "coverage-7.6.5-cp39-cp39-musllinux_1_2_i686.whl", hash = "sha256:e5aa3d62285ef1b16f655e1ae298c6fa919209637d317934e382e9b99c28c118"},
    {file = "coverage-7.6.5-cp39-cp39-musllinux_1_2_x86_64.whl", hash = "sha256:8cb5601620c3d98d2c98847272acc2406333d43c9d7d49386d879bd451677429"},
    {file = "coverage-7.6.5-cp39-cp39-win32.whl", hash = "sha256:c32428f6285344caedd945236f31c46645bb10faae8702d1409bb49df218e55a"},
    {file = "coverage-7.6.5-cp39-cp39-win_amd64.whl", hash = "sha256:809e868eee27d056bc72590c69940c119775d218681b1a8ef9ba0ef8d7693e53"},
    {file = "coverage-7.6.5-pp39.pp310-none-any.whl", hash = "sha256:49145276f39f940b18a539e1e4a378e06c64a127922450ffd2fb82b9fe1ad3d9"},
    {file = "coverage-7.6.5.tar.gz", hash = "sha256:6069188329fbe0a63876719099076261ce7a1adeea95bf236cff4353a8451b0d"},
]

[package.extras]
toml = ["tomli"]

[[package]]
name = "cyclonedx-python-lib"
version = "8.4.0"
description = "Python library for CycloneDX"
optional = false
python-versions = "<4.0,>=3.8"
files = [
    {file = "cyclonedx_python_lib-8.4.0-py3-none-any.whl", hash = "sha256:fd44efd601f651c8865acf0dfeacb0df19a2b50ec69ead0262096fd2f67197b9"},
    {file = "cyclonedx_python_lib-8.4.0.tar.gz", hash = "sha256:1d86efc1e81c0fd01141658b8aed5248c4f4d8d300d7ced9e1dfc39abeafc0a9"},
]

[package.dependencies]
license-expression = ">=30,<31"
packageurl-python = ">=0.11,<2"
py-serializable = ">=1.1.1,<2.0.0"
sortedcontainers = ">=2.4.0,<3.0.0"

[package.extras]
json-validation = ["jsonschema[format] (>=4.18,<5.0)"]
validation = ["jsonschema[format] (>=4.18,<5.0)", "lxml (>=4,<6)"]
xml-validation = ["lxml (>=4,<6)"]

[[package]]
name = "deepdiff"
version = "8.0.1"
description = "Deep Difference and Search of any Python object/data. Recreate objects by adding adding deltas to each other."
optional = false
python-versions = ">=3.8"
files = [
    {file = "deepdiff-8.0.1-py3-none-any.whl", hash = "sha256:42e99004ce603f9a53934c634a57b04ad5900e0d8ed0abb15e635767489cbc05"},
    {file = "deepdiff-8.0.1.tar.gz", hash = "sha256:245599a4586ab59bb599ca3517a9c42f3318ff600ded5e80a3432693c8ec3c4b"},
]

[package.dependencies]
orderly-set = "5.2.2"

[package.extras]
cli = ["click (==8.1.7)", "pyyaml (==6.0.1)"]
optimize = ["orjson"]

[[package]]
name = "defusedxml"
version = "0.7.1"
description = "XML bomb protection for Python stdlib modules"
optional = false
python-versions = ">=2.7, !=3.0.*, !=3.1.*, !=3.2.*, !=3.3.*, !=3.4.*"
files = [
    {file = "defusedxml-0.7.1-py2.py3-none-any.whl", hash = "sha256:a352e7e428770286cc899e2542b6cdaedb2b4953ff269a210103ec58f6198a61"},
    {file = "defusedxml-0.7.1.tar.gz", hash = "sha256:1bb3032db185915b62d7c6209c5a8792be6a32ab2fedacc84e01b52c51aa3e69"},
]

[[package]]
name = "distlib"
version = "0.3.9"
description = "Distribution utilities"
optional = false
python-versions = "*"
files = [
    {file = "distlib-0.3.9-py2.py3-none-any.whl", hash = "sha256:47f8c22fd27c27e25a65601af709b38e4f0a45ea4fc2e710f65755fa8caaaf87"},
    {file = "distlib-0.3.9.tar.gz", hash = "sha256:a60f20dea646b8a33f3e7772f74dc0b2d0772d2837ee1342a00645c81edf9403"},
]

[[package]]
name = "exceptiongroup"
version = "1.2.2"
description = "Backport of PEP 654 (exception groups)"
optional = false
python-versions = ">=3.7"
files = [
    {file = "exceptiongroup-1.2.2-py3-none-any.whl", hash = "sha256:3111b9d131c238bec2f8f516e123e14ba243563fb135d3fe885990585aa7795b"},
    {file = "exceptiongroup-1.2.2.tar.gz", hash = "sha256:47c2edf7c6738fafb49fd34290706d1a1a2f4d1c6df275526b62cbb4aa5393cc"},
]

[package.extras]
test = ["pytest (>=6)"]

[[package]]
name = "filelock"
version = "3.16.1"
description = "A platform independent file lock."
optional = false
python-versions = ">=3.8"
files = [
    {file = "filelock-3.16.1-py3-none-any.whl", hash = "sha256:2082e5703d51fbf98ea75855d9d5527e33d8ff23099bec374a134febee6946b0"},
    {file = "filelock-3.16.1.tar.gz", hash = "sha256:c249fbfcd5db47e5e2d6d62198e565475ee65e4831e2561c8e313fa7eb961435"},
]

[package.extras]
docs = ["furo (>=2024.8.6)", "sphinx (>=8.0.2)", "sphinx-autodoc-typehints (>=2.4.1)"]
testing = ["covdefaults (>=2.3)", "coverage (>=7.6.1)", "diff-cover (>=9.2)", "pytest (>=8.3.3)", "pytest-asyncio (>=0.24)", "pytest-cov (>=5)", "pytest-mock (>=3.14)", "pytest-timeout (>=2.3.1)", "virtualenv (>=20.26.4)"]
typing = ["typing-extensions (>=4.12.2)"]

[[package]]
name = "flake8"
version = "7.1.1"
description = "the modular source code checker: pep8 pyflakes and co"
optional = false
python-versions = ">=3.8.1"
files = [
    {file = "flake8-7.1.1-py2.py3-none-any.whl", hash = "sha256:597477df7860daa5aa0fdd84bf5208a043ab96b8e96ab708770ae0364dd03213"},
    {file = "flake8-7.1.1.tar.gz", hash = "sha256:049d058491e228e03e67b390f311bbf88fce2dbaa8fa673e7aea87b7198b8d38"},
]

[package.dependencies]
mccabe = ">=0.7.0,<0.8.0"
pycodestyle = ">=2.12.0,<2.13.0"
pyflakes = ">=3.2.0,<3.3.0"

[[package]]
name = "iniconfig"
version = "2.0.0"
description = "brain-dead simple config-ini parsing"
optional = false
python-versions = ">=3.7"
files = [
    {file = "iniconfig-2.0.0-py3-none-any.whl", hash = "sha256:b6a85871a79d2e3b22d2d1b94ac2824226a63c6b741c88f7ae975f18b6778374"},
    {file = "iniconfig-2.0.0.tar.gz", hash = "sha256:2d91e135bf72d31a410b17c16da610a82cb55f6b0477d1a902134b24a455b8b3"},
]

[[package]]
name = "license-expression"
version = "30.4.0"
description = "license-expression is a comprehensive utility library to parse, compare, simplify and normalize license expressions (such as SPDX license expressions) using boolean logic."
optional = false
python-versions = ">=3.9"
files = [
    {file = "license_expression-30.4.0-py3-none-any.whl", hash = "sha256:7c8f240c6e20d759cb8455e49cb44a923d9e25c436bf48d7e5b8eea660782c04"},
    {file = "license_expression-30.4.0.tar.gz", hash = "sha256:6464397f8ed4353cc778999caec43b099f8d8d5b335f282e26a9eb9435522f05"},
]

[package.dependencies]
"boolean.py" = ">=4.0"

[package.extras]
docs = ["Sphinx (>=5.0.2)", "doc8 (>=0.11.2)", "sphinx-autobuild", "sphinx-copybutton", "sphinx-reredirects (>=0.1.2)", "sphinx-rtd-dark-mode (>=1.3.0)", "sphinx-rtd-theme (>=1.0.0)", "sphinxcontrib-apidoc (>=0.4.0)"]
testing = ["black", "isort", "pytest (>=6,!=7.0.0)", "pytest-xdist (>=2)", "twine"]

[[package]]
name = "mccabe"
version = "0.7.0"
description = "McCabe checker, plugin for flake8"
optional = false
python-versions = ">=3.6"
files = [
    {file = "mccabe-0.7.0-py2.py3-none-any.whl", hash = "sha256:6c2d30ab6be0e4a46919781807b4f0d834ebdd6c6e3dca0bda5a15f863427b6e"},
    {file = "mccabe-0.7.0.tar.gz", hash = "sha256:348e0240c33b60bbdf4e523192ef919f28cb2c3d7d5c7794f74009290f236325"},
]

[[package]]
name = "mypy"
version = "1.13.0"
description = "Optional static typing for Python"
optional = false
python-versions = ">=3.8"
files = [
    {file = "mypy-1.13.0-cp310-cp310-macosx_10_9_x86_64.whl", hash = "sha256:6607e0f1dd1fb7f0aca14d936d13fd19eba5e17e1cd2a14f808fa5f8f6d8f60a"},
    {file = "mypy-1.13.0-cp310-cp310-macosx_11_0_arm64.whl", hash = "sha256:8a21be69bd26fa81b1f80a61ee7ab05b076c674d9b18fb56239d72e21d9f4c80"},
    {file = "mypy-1.13.0-cp310-cp310-manylinux_2_17_x86_64.manylinux2014_x86_64.manylinux_2_28_x86_64.whl", hash = "sha256:7b2353a44d2179846a096e25691d54d59904559f4232519d420d64da6828a3a7"},
    {file = "mypy-1.13.0-cp310-cp310-musllinux_1_1_x86_64.whl", hash = "sha256:0730d1c6a2739d4511dc4253f8274cdd140c55c32dfb0a4cf8b7a43f40abfa6f"},
    {file = "mypy-1.13.0-cp310-cp310-win_amd64.whl", hash = "sha256:c5fc54dbb712ff5e5a0fca797e6e0aa25726c7e72c6a5850cfd2adbc1eb0a372"},
    {file = "mypy-1.13.0-cp311-cp311-macosx_10_9_x86_64.whl", hash = "sha256:581665e6f3a8a9078f28d5502f4c334c0c8d802ef55ea0e7276a6e409bc0d82d"},
    {file = "mypy-1.13.0-cp311-cp311-macosx_11_0_arm64.whl", hash = "sha256:3ddb5b9bf82e05cc9a627e84707b528e5c7caaa1c55c69e175abb15a761cec2d"},
    {file = "mypy-1.13.0-cp311-cp311-manylinux_2_17_x86_64.manylinux2014_x86_64.manylinux_2_28_x86_64.whl", hash = "sha256:20c7ee0bc0d5a9595c46f38beb04201f2620065a93755704e141fcac9f59db2b"},
    {file = "mypy-1.13.0-cp311-cp311-musllinux_1_1_x86_64.whl", hash = "sha256:3790ded76f0b34bc9c8ba4def8f919dd6a46db0f5a6610fb994fe8efdd447f73"},
    {file = "mypy-1.13.0-cp311-cp311-win_amd64.whl", hash = "sha256:51f869f4b6b538229c1d1bcc1dd7d119817206e2bc54e8e374b3dfa202defcca"},
    {file = "mypy-1.13.0-cp312-cp312-macosx_10_13_x86_64.whl", hash = "sha256:5c7051a3461ae84dfb5dd15eff5094640c61c5f22257c8b766794e6dd85e72d5"},
    {file = "mypy-1.13.0-cp312-cp312-macosx_11_0_arm64.whl", hash = "sha256:39bb21c69a5d6342f4ce526e4584bc5c197fd20a60d14a8624d8743fffb9472e"},
    {file = "mypy-1.13.0-cp312-cp312-manylinux_2_17_x86_64.manylinux2014_x86_64.manylinux_2_28_x86_64.whl", hash = "sha256:164f28cb9d6367439031f4c81e84d3ccaa1e19232d9d05d37cb0bd880d3f93c2"},
    {file = "mypy-1.13.0-cp312-cp312-musllinux_1_1_x86_64.whl", hash = "sha256:a4c1bfcdbce96ff5d96fc9b08e3831acb30dc44ab02671eca5953eadad07d6d0"},
    {file = "mypy-1.13.0-cp312-cp312-win_amd64.whl", hash = "sha256:a0affb3a79a256b4183ba09811e3577c5163ed06685e4d4b46429a271ba174d2"},
    {file = "mypy-1.13.0-cp313-cp313-macosx_10_13_x86_64.whl", hash = "sha256:a7b44178c9760ce1a43f544e595d35ed61ac2c3de306599fa59b38a6048e1aa7"},
    {file = "mypy-1.13.0-cp313-cp313-macosx_11_0_arm64.whl", hash = "sha256:5d5092efb8516d08440e36626f0153b5006d4088c1d663d88bf79625af3d1d62"},
    {file = "mypy-1.13.0-cp313-cp313-manylinux_2_17_x86_64.manylinux2014_x86_64.manylinux_2_28_x86_64.whl", hash = "sha256:de2904956dac40ced10931ac967ae63c5089bd498542194b436eb097a9f77bc8"},
    {file = "mypy-1.13.0-cp313-cp313-musllinux_1_1_x86_64.whl", hash = "sha256:7bfd8836970d33c2105562650656b6846149374dc8ed77d98424b40b09340ba7"},
    {file = "mypy-1.13.0-cp313-cp313-win_amd64.whl", hash = "sha256:9f73dba9ec77acb86457a8fc04b5239822df0c14a082564737833d2963677dbc"},
    {file = "mypy-1.13.0-cp38-cp38-macosx_10_9_x86_64.whl", hash = "sha256:100fac22ce82925f676a734af0db922ecfea991e1d7ec0ceb1e115ebe501301a"},
    {file = "mypy-1.13.0-cp38-cp38-macosx_11_0_arm64.whl", hash = "sha256:7bcb0bb7f42a978bb323a7c88f1081d1b5dee77ca86f4100735a6f541299d8fb"},
    {file = "mypy-1.13.0-cp38-cp38-manylinux_2_17_x86_64.manylinux2014_x86_64.manylinux_2_28_x86_64.whl", hash = "sha256:bde31fc887c213e223bbfc34328070996061b0833b0a4cfec53745ed61f3519b"},
    {file = "mypy-1.13.0-cp38-cp38-musllinux_1_1_x86_64.whl", hash = "sha256:07de989f89786f62b937851295ed62e51774722e5444a27cecca993fc3f9cd74"},
    {file = "mypy-1.13.0-cp38-cp38-win_amd64.whl", hash = "sha256:4bde84334fbe19bad704b3f5b78c4abd35ff1026f8ba72b29de70dda0916beb6"},
    {file = "mypy-1.13.0-cp39-cp39-macosx_10_9_x86_64.whl", hash = "sha256:0246bcb1b5de7f08f2826451abd947bf656945209b140d16ed317f65a17dc7dc"},
    {file = "mypy-1.13.0-cp39-cp39-macosx_11_0_arm64.whl", hash = "sha256:7f5b7deae912cf8b77e990b9280f170381fdfbddf61b4ef80927edd813163732"},
    {file = "mypy-1.13.0-cp39-cp39-manylinux_2_17_x86_64.manylinux2014_x86_64.manylinux_2_28_x86_64.whl", hash = "sha256:7029881ec6ffb8bc233a4fa364736789582c738217b133f1b55967115288a2bc"},
    {file = "mypy-1.13.0-cp39-cp39-musllinux_1_1_x86_64.whl", hash = "sha256:3e38b980e5681f28f033f3be86b099a247b13c491f14bb8b1e1e134d23bb599d"},
    {file = "mypy-1.13.0-cp39-cp39-win_amd64.whl", hash = "sha256:a6789be98a2017c912ae6ccb77ea553bbaf13d27605d2ca20a76dfbced631b24"},
    {file = "mypy-1.13.0-py3-none-any.whl", hash = "sha256:9c250883f9fd81d212e0952c92dbfcc96fc237f4b7c92f56ac81fd48460b3e5a"},
    {file = "mypy-1.13.0.tar.gz", hash = "sha256:0291a61b6fbf3e6673e3405cfcc0e7650bebc7939659fdca2702958038bd835e"},
]

[package.dependencies]
mypy-extensions = ">=1.0.0"
tomli = {version = ">=1.1.0", markers = "python_version < \"3.11\""}
typing-extensions = ">=4.6.0"

[package.extras]
dmypy = ["psutil (>=4.0)"]
faster-cache = ["orjson"]
install-types = ["pip"]
mypyc = ["setuptools (>=50)"]
reports = ["lxml"]

[[package]]
name = "mypy-extensions"
version = "1.0.0"
description = "Type system extensions for programs checked with the mypy type checker."
optional = false
python-versions = ">=3.5"
files = [
    {file = "mypy_extensions-1.0.0-py3-none-any.whl", hash = "sha256:4392f6c0eb8a5668a69e23d168ffa70f0be9ccfd32b5cc2d26a34ae5b844552d"},
    {file = "mypy_extensions-1.0.0.tar.gz", hash = "sha256:75dbf8955dc00442a438fc4d0666508a9a97b6bd41aa2f0ffe9d2f2725af0782"},
]

[[package]]
name = "orderly-set"
version = "5.2.2"
description = "Orderly set"
optional = false
python-versions = ">=3.8"
files = [
    {file = "orderly_set-5.2.2-py3-none-any.whl", hash = "sha256:f7a37c95a38c01cdfe41c3ffb62925a318a2286ea0a41790c057fc802aec54da"},
    {file = "orderly_set-5.2.2.tar.gz", hash = "sha256:52a18b86aaf3f5d5a498bbdb27bf3253a4e5c57ab38e5b7a56fa00115cd28448"},
]

[[package]]
name = "packageurl-python"
version = "0.16.0"
description = "A purl aka. Package URL parser and builder"
optional = false
python-versions = ">=3.8"
files = [
    {file = "packageurl_python-0.16.0-py3-none-any.whl", hash = "sha256:5c3872638b177b0f1cf01c3673017b7b27ebee485693ae12a8bed70fa7fa7c35"},
    {file = "packageurl_python-0.16.0.tar.gz", hash = "sha256:69e3bf8a3932fe9c2400f56aaeb9f86911ecee2f9398dbe1b58ec34340be365d"},
]

[package.extras]
build = ["setuptools", "wheel"]
lint = ["black", "isort", "mypy"]
sqlalchemy = ["sqlalchemy (>=2.0.0)"]
test = ["pytest"]

[[package]]
name = "packaging"
version = "24.2"
description = "Core utilities for Python packages"
optional = false
python-versions = ">=3.8"
files = [
    {file = "packaging-24.2-py3-none-any.whl", hash = "sha256:09abb1bccd265c01f4a3aa3f7a7db064b36514d2cba19a2f694fe6150451a759"},
    {file = "packaging-24.2.tar.gz", hash = "sha256:c228a6dc5e932d346bc5739379109d49e8853dd8223571c7c5b55260edc0b97f"},
]

[[package]]
name = "platformdirs"
version = "4.3.6"
description = "A small Python package for determining appropriate platform-specific dirs, e.g. a `user data dir`."
optional = false
python-versions = ">=3.8"
files = [
    {file = "platformdirs-4.3.6-py3-none-any.whl", hash = "sha256:73e575e1408ab8103900836b97580d5307456908a03e92031bab39e4554cc3fb"},
    {file = "platformdirs-4.3.6.tar.gz", hash = "sha256:357fb2acbc885b0419afd3ce3ed34564c13c9b95c89360cd9563f73aa5e2b907"},
]

[package.extras]
docs = ["furo (>=2024.8.6)", "proselint (>=0.14)", "sphinx (>=8.0.2)", "sphinx-autodoc-typehints (>=2.4)"]
test = ["appdirs (==1.4.4)", "covdefaults (>=2.3)", "pytest (>=8.3.2)", "pytest-cov (>=5)", "pytest-mock (>=3.14)"]
type = ["mypy (>=1.11.2)"]

[[package]]
name = "pluggy"
version = "1.5.0"
description = "plugin and hook calling mechanisms for python"
optional = false
python-versions = ">=3.8"
files = [
    {file = "pluggy-1.5.0-py3-none-any.whl", hash = "sha256:44e1ad92c8ca002de6377e165f3e0f1be63266ab4d554740532335b9d75ea669"},
    {file = "pluggy-1.5.0.tar.gz", hash = "sha256:2cffa88e94fdc978c4c574f15f9e59b7f4201d439195c3715ca9e2486f1d0cf1"},
]

[package.extras]
dev = ["pre-commit", "tox"]
testing = ["pytest", "pytest-benchmark"]

[[package]]
name = "py-serializable"
version = "1.1.2"
description = "Library for serializing and deserializing Python Objects to and from JSON and XML."
optional = false
python-versions = "<4.0,>=3.8"
files = [
    {file = "py_serializable-1.1.2-py3-none-any.whl", hash = "sha256:801be61b0a1ba64c3861f7c624f1de5cfbbabf8b458acc9cdda91e8f7e5effa1"},
    {file = "py_serializable-1.1.2.tar.gz", hash = "sha256:89af30bc319047d4aa0d8708af412f6ce73835e18bacf1a080028bb9e2f42bdb"},
]

[package.dependencies]
defusedxml = ">=0.7.1,<0.8.0"

[[package]]
name = "pycodestyle"
version = "2.12.1"
description = "Python style guide checker"
optional = false
python-versions = ">=3.8"
files = [
    {file = "pycodestyle-2.12.1-py2.py3-none-any.whl", hash = "sha256:46f0fb92069a7c28ab7bb558f05bfc0110dac69a0cd23c61ea0040283a9d78b3"},
    {file = "pycodestyle-2.12.1.tar.gz", hash = "sha256:6838eae08bbce4f6accd5d5572075c63626a15ee3e6f842df996bf62f6d73521"},
]

[[package]]
name = "pyflakes"
version = "3.2.0"
description = "passive checker of Python programs"
optional = false
python-versions = ">=3.8"
files = [
    {file = "pyflakes-3.2.0-py2.py3-none-any.whl", hash = "sha256:84b5be138a2dfbb40689ca07e2152deb896a65c3a3e24c251c5c62489568074a"},
    {file = "pyflakes-3.2.0.tar.gz", hash = "sha256:1c61603ff154621fb2a9172037d84dca3500def8c8b630657d1701f026f8af3f"},
]

[[package]]
name = "pyproject-api"
version = "1.8.0"
description = "API to interact with the python pyproject.toml based projects"
optional = false
python-versions = ">=3.8"
files = [
    {file = "pyproject_api-1.8.0-py3-none-any.whl", hash = "sha256:3d7d347a047afe796fd5d1885b1e391ba29be7169bd2f102fcd378f04273d228"},
    {file = "pyproject_api-1.8.0.tar.gz", hash = "sha256:77b8049f2feb5d33eefcc21b57f1e279636277a8ac8ad6b5871037b243778496"},
]

[package.dependencies]
packaging = ">=24.1"
tomli = {version = ">=2.0.1", markers = "python_version < \"3.11\""}

[package.extras]
docs = ["furo (>=2024.8.6)", "sphinx-autodoc-typehints (>=2.4.1)"]
testing = ["covdefaults (>=2.3)", "pytest (>=8.3.3)", "pytest-cov (>=5)", "pytest-mock (>=3.14)", "setuptools (>=75.1)"]

[[package]]
name = "pytest"
version = "8.3.3"
description = "pytest: simple powerful testing with Python"
optional = false
python-versions = ">=3.8"
files = [
    {file = "pytest-8.3.3-py3-none-any.whl", hash = "sha256:a6853c7375b2663155079443d2e45de913a911a11d669df02a50814944db57b2"},
    {file = "pytest-8.3.3.tar.gz", hash = "sha256:70b98107bd648308a7952b06e6ca9a50bc660be218d53c257cc1fc94fda10181"},
]

[package.dependencies]
colorama = {version = "*", markers = "sys_platform == \"win32\""}
exceptiongroup = {version = ">=1.0.0rc8", markers = "python_version < \"3.11\""}
iniconfig = "*"
packaging = "*"
pluggy = ">=1.5,<2"
tomli = {version = ">=1", markers = "python_version < \"3.11\""}

[package.extras]
dev = ["argcomplete", "attrs (>=19.2)", "hypothesis (>=3.56)", "mock", "pygments (>=2.7.2)", "requests", "setuptools", "xmlschema"]

[[package]]
name = "python-dateutil"
version = "2.9.0.post0"
description = "Extensions to the standard Python datetime module"
optional = false
python-versions = "!=3.0.*,!=3.1.*,!=3.2.*,>=2.7"
files = [
    {file = "python-dateutil-2.9.0.post0.tar.gz", hash = "sha256:37dd54208da7e1cd875388217d5e00ebd4179249f90fb72437e91a35459a0ad3"},
    {file = "python_dateutil-2.9.0.post0-py2.py3-none-any.whl", hash = "sha256:a8b2bc7bffae282281c8140a97d3aa9c14da0b136dfe83f850eea9a5f7470427"},
]

[package.dependencies]
six = ">=1.5"

[[package]]
name = "six"
version = "1.16.0"
description = "Python 2 and 3 compatibility utilities"
optional = false
python-versions = ">=2.7, !=3.0.*, !=3.1.*, !=3.2.*"
files = [
    {file = "six-1.16.0-py2.py3-none-any.whl", hash = "sha256:8abb2f1d86890a2dfb989f9a77cfcfd3e47c2a354b01111771326f8aa26e0254"},
    {file = "six-1.16.0.tar.gz", hash = "sha256:1e61c37477a1626458e36f7b1d82aa5c9b094fa4802892072e49de9c60c4c926"},
]

[[package]]
name = "sortedcontainers"
version = "2.4.0"
description = "Sorted Containers -- Sorted List, Sorted Dict, Sorted Set"
optional = false
python-versions = "*"
files = [
    {file = "sortedcontainers-2.4.0-py2.py3-none-any.whl", hash = "sha256:a163dcaede0f1c021485e957a39245190e74249897e2ae4b2aa38595db237ee0"},
    {file = "sortedcontainers-2.4.0.tar.gz", hash = "sha256:25caa5a06cc30b6b83d11423433f65d1f9d76c4c6a0c90e3379eaa43b9bfdb88"},
]

[[package]]
name = "tomli"
version = "2.1.0"
description = "A lil' TOML parser"
optional = false
python-versions = ">=3.8"
files = [
    {file = "tomli-2.1.0-py3-none-any.whl", hash = "sha256:a5c57c3d1c56f5ccdf89f6523458f60ef716e210fc47c4cfb188c5ba473e0391"},
    {file = "tomli-2.1.0.tar.gz", hash = "sha256:3f646cae2aec94e17d04973e4249548320197cfabdf130015d023de4b74d8ab8"},
]

[[package]]
name = "tox"
version = "4.23.2"
description = "tox is a generic virtualenv management and test command line tool"
optional = false
python-versions = ">=3.8"
files = [
    {file = "tox-4.23.2-py3-none-any.whl", hash = "sha256:452bc32bb031f2282881a2118923176445bac783ab97c874b8770ab4c3b76c38"},
    {file = "tox-4.23.2.tar.gz", hash = "sha256:86075e00e555df6e82e74cfc333917f91ecb47ffbc868dcafbd2672e332f4a2c"},
]

[package.dependencies]
cachetools = ">=5.5"
chardet = ">=5.2"
colorama = ">=0.4.6"
filelock = ">=3.16.1"
packaging = ">=24.1"
platformdirs = ">=4.3.6"
pluggy = ">=1.5"
pyproject-api = ">=1.8"
tomli = {version = ">=2.0.1", markers = "python_version < \"3.11\""}
typing-extensions = {version = ">=4.12.2", markers = "python_version < \"3.11\""}
virtualenv = ">=20.26.6"

[package.extras]
test = ["devpi-process (>=1.0.2)", "pytest (>=8.3.3)", "pytest-mock (>=3.14)"]

[[package]]
name = "types-python-dateutil"
version = "2.9.0.20241003"
description = "Typing stubs for python-dateutil"
optional = false
python-versions = ">=3.8"
files = [
    {file = "types-python-dateutil-2.9.0.20241003.tar.gz", hash = "sha256:58cb85449b2a56d6684e41aeefb4c4280631246a0da1a719bdbe6f3fb0317446"},
    {file = "types_python_dateutil-2.9.0.20241003-py3-none-any.whl", hash = "sha256:250e1d8e80e7bbc3a6c99b907762711d1a1cdd00e978ad39cb5940f6f0a87f3d"},
]

[[package]]
name = "typing-extensions"
version = "4.12.2"
description = "Backported and Experimental Type Hints for Python 3.8+"
optional = false
python-versions = ">=3.8"
files = [
    {file = "typing_extensions-4.12.2-py3-none-any.whl", hash = "sha256:04e5ca0351e0f3f85c6853954072df659d0d13fac324d0072316b67d7794700d"},
    {file = "typing_extensions-4.12.2.tar.gz", hash = "sha256:1a7ead55c7e559dd4dee8856e3a88b41225abfe1ce8df57b7c13915fe121ffb8"},
]

[[package]]
name = "virtualenv"
version = "20.27.1"
description = "Virtual Python Environment builder"
optional = false
python-versions = ">=3.8"
files = [
    {file = "virtualenv-20.27.1-py3-none-any.whl", hash = "sha256:f11f1b8a29525562925f745563bfd48b189450f61fb34c4f9cc79dd5aa32a1f4"},
    {file = "virtualenv-20.27.1.tar.gz", hash = "sha256:142c6be10212543b32c6c45d3d3893dff89112cc588b7d0879ae5a1ec03a47ba"},
]

[package.dependencies]
distlib = ">=0.3.7,<1"
filelock = ">=3.12.2,<4"
platformdirs = ">=3.9.1,<5"

[package.extras]
docs = ["furo (>=2023.7.26)", "proselint (>=0.13)", "sphinx (>=7.1.2,!=7.3)", "sphinx-argparse (>=0.4)", "sphinxcontrib-towncrier (>=0.2.1a0)", "towncrier (>=23.6)"]
test = ["covdefaults (>=2.3)", "coverage (>=7.2.7)", "coverage-enable-subprocess (>=1)", "flaky (>=3.7)", "packaging (>=23.1)", "pytest (>=7.4)", "pytest-env (>=0.8.2)", "pytest-freezer (>=0.4.8)", "pytest-mock (>=3.11.1)", "pytest-randomly (>=3.12)", "pytest-timeout (>=2.1)", "setuptools (>=68)", "time-machine (>=2.10)"]

[metadata]
lock-version = "2.0"
python-versions = "^3.10"
content-hash = "9833b21315bc42d28bc57b368a6e9307ed101d75fc597303a1fed788f94dc8aa"
